
Microsoft Visual Studio Solution File, Format Version 11.00
# Visual Studio 2010
Project("{FAE04EC0-301F-11D3-BF4B-00C04F79EFBC}") = "Assembly-CSharp", "Assembly-CSharp.csproj", "{FD21DD4D-3C90-95D0-CBB2-88999487E458}"
EndProject
Project("{FAE04EC0-301F-11D3-BF4B-00C04F79EFBC}") = "Assembly-CSharp-Editor", "Assembly-CSharp-Editor.csproj", "{BE82564C-0EBC-44FB-4A85-47C611EC1002}"
EndProject
Global
	GlobalSection(SolutionConfigurationPlatforms) = preSolution
		Debug|Any CPU = Debug|Any CPU
		Release|Any CPU = Release|Any CPU
	EndGlobalSection
	GlobalSection(ProjectConfigurationPlatforms) = postSolution
		{FD21DD4D-3C90-95D0-CBB2-88999487E458}.Debug|Any CPU.ActiveCfg = Debug|Any CPU
		{FD21DD4D-3C90-95D0-CBB2-88999487E458}.Debug|Any CPU.Build.0 = Debug|Any CPU
		{FD21DD4D-3C90-95D0-CBB2-88999487E458}.Release|Any CPU.ActiveCfg = Release|Any CPU
		{FD21DD4D-3C90-95D0-CBB2-88999487E458}.Release|Any CPU.Build.0 = Release|Any CPU
		{BE82564C-0EBC-44FB-4A85-47C611EC1002}.Debug|Any CPU.ActiveCfg = Debug|Any CPU
		{BE82564C-0EBC-44FB-4A85-47C611EC1002}.Debug|Any CPU.Build.0 = Debug|Any CPU
		{BE82564C-0EBC-44FB-4A85-47C611EC1002}.Release|Any CPU.ActiveCfg = Release|Any CPU
		{BE82564C-0EBC-44FB-4A85-47C611EC1002}.Release|Any CPU.Build.0 = Release|Any CPU
	EndGlobalSection
	GlobalSection(SolutionProperties) = preSolution
		HideSolutionNode = FALSE
	EndGlobalSection
	GlobalSection(MonoDevelopProperties) = preSolution
		StartupItem = Assembly-CSharp.csproj
	EndGlobalSection
EndGlobal
